{
  "name": "@schemasjs/validator",
  "version": "2.0.0",
  "lockfileVersion": 3,
  "requires": true,
  "packages": {
    "": {
      "name": "@schemasjs/validator",
      "version": "2.0.0",
      "license": "MIT",
      "devDependencies": {
        "@schemasjs/valibot-numbers": "^1.0.15",
        "@schemasjs/zod-numbers": "^1.0.6"
      },
      "optionalDependencies": {
        "valibot": ">0.31.0",
        "zod": "^3.23.8"
      }
    },
    "node_modules/@schemasjs/valibot-numbers": {
      "version": "1.0.15",
      "resolved": "https://registry.npmjs.org/@schemasjs/valibot-numbers/-/valibot-numbers-1.0.15.tgz",
      "integrity": "sha512-hmbAlpNyKNrXyspyA5d2T+B1oK4q5gT88I8+z7iwqW4ULH/UcNsmdS1whe2VXbQvuVR57Up9Xr6hoVTPXrIszg==",
      "dev": true,
      "license": "MIT",
      "peerDependencies": {
        "valibot": ">0.31.0"
      }
    },
    "node_modules/@schemasjs/zod-numbers": {
      "version": "1.0.6",
      "resolved": "https://registry.npmjs.org/@schemasjs/zod-numbers/-/zod-numbers-1.0.6.tgz",
      "integrity": "sha512-otin4oHrVHWl4fyPcNy1Dvk2UGjfulG6r532NqsyJXJSdJhW57WNPj5EpJJ7BMv+SV8V8wmRV19YyZdwDlHuCw==",
      "dev": true,
      "license": "MIT",
      "peerDependencies": {
        "zod": "^3.23.8"
      }
    },
    "node_modules/valibot": {
      "version": "0.31.1",
      "resolved": "https://registry.npmjs.org/valibot/-/valibot-0.31.1.tgz",
      "integrity": "sha512-2YYIhPrnVSz/gfT2/iXVTrSj92HwchCt9Cga/6hX4B26iCz9zkIsGTS0HjDYTZfTi1Un0X6aRvhBi1cfqs/i0Q==",
      "devOptional": true
    },
    "node_modules/zod": {
      "version": "3.23.8",
      "resolved": "https://registry.npmjs.org/zod/-/zod-3.23.8.tgz",
      "integrity": "sha512-XBx9AXhXktjUqnepgTiE5flcKIYWi/rme0Eaj+5Y0lftuGBq+jyRu/md4WnuxqgP1ubdpNCsYEYPxrzVHD8d6g==",
      "devOptional": true,
      "funding": {
        "url": "https://github.com/sponsors/colinhacks"
      }
    }
  }
}
