{
  "name": "@schemasjs/validator",
  "version": "1.0.2",
  "lockfileVersion": 3,
  "requires": true,
  "packages": {
    "": {
      "name": "@schemasjs/validator",
      "version": "1.0.2",
      "license": "MIT",
      "devDependencies": {
        "@schemasjs/valibot-numbers": "^1.0.11",
        "@schemasjs/zod-numbers": "^1.0.4"
      },
      "optionalDependencies": {
        "valibot": ">0.31.0",
        "zod": "^3.23.8"
      }
    },
    "node_modules/@schemasjs/valibot-numbers": {
      "version": "1.0.13",
      "resolved": "https://registry.npmjs.org/@schemasjs/valibot-numbers/-/valibot-numbers-1.0.13.tgz",
      "integrity": "sha512-rQ+dgwgpcZH1uapYhVIcQNJgCkM82FkGmf5aoo0oTnDSxSyn/e+ZYgyNEaviZbN0ebEA2vMQtXYycRmbT895iQ==",
      "dev": true,
      "license": "MIT",
      "peerDependencies": {
        "valibot": ">0.31.0"
      }
    },
    "node_modules/@schemasjs/zod-numbers": {
      "version": "1.0.4",
      "resolved": "https://registry.npmjs.org/@schemasjs/zod-numbers/-/zod-numbers-1.0.4.tgz",
      "integrity": "sha512-7oXTGJI1MAwxeSS6dfudn72Ietb7RhHvMbcyHcG5DPy8Zl+y0sl3UUZkfBx1prXZ4n8bodispE77mjHU20AGFA==",
      "dev": true,
      "license": "MIT",
      "peerDependencies": {
        "zod": "^3.23.8"
      }
    },
    "node_modules/valibot": {
      "version": "0.31.1",
      "resolved": "https://registry.npmjs.org/valibot/-/valibot-0.31.1.tgz",
      "integrity": "sha512-2YYIhPrnVSz/gfT2/iXVTrSj92HwchCt9Cga/6hX4B26iCz9zkIsGTS0HjDYTZfTi1Un0X6aRvhBi1cfqs/i0Q==",
      "devOptional": true
    },
    "node_modules/zod": {
      "version": "3.23.8",
      "resolved": "https://registry.npmjs.org/zod/-/zod-3.23.8.tgz",
      "integrity": "sha512-XBx9AXhXktjUqnepgTiE5flcKIYWi/rme0Eaj+5Y0lftuGBq+jyRu/md4WnuxqgP1ubdpNCsYEYPxrzVHD8d6g==",
      "devOptional": true,
      "funding": {
        "url": "https://github.com/sponsors/colinhacks"
      }
    }
  }
}
