{
  "name": "@schemasjs/valibot-numbers",
  "version": "1.0.16",
  "lockfileVersion": 3,
  "requires": true,
  "packages": {
    "": {
      "name": "@schemasjs/valibot-numbers",
      "version": "1.0.16",
      "license": "MIT",
      "peerDependencies": {
        "valibot": ">0.31.0"
      }
    },
    "node_modules/typescript": {
      "version": "5.3.3",
      "resolved": "https://registry.npmjs.org/typescript/-/typescript-5.3.3.tgz",
      "integrity": "sha512-pXWcraxM0uxAS+tN0AG/BF2TyqmHO014Z070UsJ+pFvYuRSq8KH8DmWpnbXe0pEPDHXZV3FcAbJkijJ5oNEnWw==",
      "optional": true,
      "peer": true,
      "bin": {
        "tsc": "bin/tsc",
        "tsserver": "bin/tsserver"
      },
      "engines": {
        "node": ">=14.17"
      }
    },
    "node_modules/valibot": {
      "version": "0.41.0",
      "resolved": "https://registry.npmjs.org/valibot/-/valibot-0.41.0.tgz",
      "integrity": "sha512-igDBb8CTYr8YTQlOKgaN9nSS0Be7z+WRuaeYqGf3Cjz3aKmSnqEmYnkfVjzIuumGqfHpa3fLIvMEAfhrpqN8ng==",
      "license": "MIT",
      "peer": true,
      "peerDependencies": {
        "typescript": ">=5"
      },
      "peerDependenciesMeta": {
        "typescript": {
          "optional": true
        }
      }
    }
  }
}
